
Microsoft Visual Studio Solution File, Format Version 12.00
# Visual Studio 15
VisualStudioVersion = 15.0.28307.271
MinimumVisualStudioVersion = 10.0.40219.1
Project("{FAE04EC0-301F-11D3-BF4B-00C04F79EFBC}") = "LengthConvert", "Whiteboarding\LengthConvert.csproj", "{9572B2DF-0EB1-487E-94A3-9532BEE56A91}"
EndProject
Project("{FAE04EC0-301F-11D3-BF4B-00C04F79EFBC}") = "LengthConvertTests", "FeetToInchTests\LengthConvertTests.csproj", "{821B2187-4466-45E3-865D-D44B728171AE}"
EndProject
Project("{FAE04EC0-301F-11D3-BF4B-00C04F79EFBC}") = "Primes", "Primes\Primes.csproj", "{E054C758-FE79-482C-9B39-4691A45AA1C8}"
EndProject
Project("{FAE04EC0-301F-11D3-BF4B-00C04F79EFBC}") = "PrimesTests", "PrimesTests\PrimesTests.csproj", "{59F8414F-2B86-48D9-A264-CC5888088F6C}"
EndProject
Project("{FAE04EC0-301F-11D3-BF4B-00C04F79EFBC}") = "CountVowels", "CountVowels\CountVowels.csproj", "{6DFD12D5-A3A8-4B9B-BEC2-4AF001512DB9}"
EndProject
Project("{FAE04EC0-301F-11D3-BF4B-00C04F79EFBC}") = "ReverseCharacters", "ReverseCharacters\ReverseCharacters.csproj", "{29D35781-0D06-4E21-96F6-0D2F9AA3FBE2}"
EndProject
Project("{FAE04EC0-301F-11D3-BF4B-00C04F79EFBC}") = "TimeAngle", "TimeAngle\TimeAngle.csproj", "{30C32884-5DCB-492F-BFF1-A6D9BE7B00AF}"
EndProject
Project("{FAE04EC0-301F-11D3-BF4B-00C04F79EFBC}") = "JulianDate", "JulianDate\JulianDate.csproj", "{AE341245-671B-46E0-860D-5D3B3095ECD4}"
EndProject
Project("{9A19103F-16F7-4668-BE54-9A1E7A4F7556}") = "ForEachEnum", "ForEachEnum\ForEachEnum.csproj", "{7CEFE9F9-A50F-4D3E-9B2F-BD742E9A0EC9}"
EndProject
Project("{FAE04EC0-301F-11D3-BF4B-00C04F79EFBC}") = "CamelCase", "CamelCaseWorking\CamelCase.csproj", "{07BD0DBE-90E4-42F1-BD71-F7D0D3FC1993}"
EndProject
Project("{FAE04EC0-301F-11D3-BF4B-00C04F79EFBC}") = "CamelCaseTests", "CamelCaseTests\CamelCaseTests.csproj", "{296FD23B-9845-4D38-8021-85B3BB6BDEDE}"
EndProject
Project("{FAE04EC0-301F-11D3-BF4B-00C04F79EFBC}") = "ReverseInt", "ReverseInt\ReverseInt.csproj", "{E397A7C0-4444-46A2-9A79-3BF469AE1752}"
EndProject
Project("{FAE04EC0-301F-11D3-BF4B-00C04F79EFBC}") = "ReverseIntTests", "ReverseIntTests\ReverseIntTests.csproj", "{1E3971BA-353C-4C1A-B857-C067CDBBA0F1}"
EndProject
Project("{FAE04EC0-301F-11D3-BF4B-00C04F79EFBC}") = "AlphabetizeArray", "AlphabetizeArray\AlphabetizeArray.csproj", "{A64F6EB4-949B-4772-9A34-145DE27EF282}"
EndProject
Project("{FAE04EC0-301F-11D3-BF4B-00C04F79EFBC}") = "DadAgeDoubleSon", "DadAgeDouble\DadAgeDoubleSon.csproj", "{0755730A-5E66-4C12-BA78-0FFFCC9DF350}"
EndProject
Project("{FAE04EC0-301F-11D3-BF4B-00C04F79EFBC}") = "ConvertStringToMorse", "ConvertStringToMorse\ConvertStringToMorse.csproj", "{101CBB4F-A66B-4342-880C-1E9269A28498}"
EndProject
Project("{FAE04EC0-301F-11D3-BF4B-00C04F79EFBC}") = "ConvertStringToMorseTests", "ConvertStringToMorseTests\ConvertStringToMorseTests.csproj", "{F5D58DE1-1FBD-429F-9B26-3AE121AEE086}"
EndProject
Project("{FAE04EC0-301F-11D3-BF4B-00C04F79EFBC}") = "SumDigitsOfNumber", "SumDigitsOfNumber\SumDigitsOfNumber.csproj", "{FC6D9184-2B3E-44CE-899C-CF8DAECB9682}"
EndProject
Project("{FAE04EC0-301F-11D3-BF4B-00C04F79EFBC}") = "SumDigitsOfNumberTests", "SumDigitsOfNumberTests3\SumDigitsOfNumberTests.csproj", "{A5A6CA2B-C903-4D63-BD53-BDF7E1986E3A}"
EndProject
Project("{FAE04EC0-301F-11D3-BF4B-00C04F79EFBC}") = "CheckingPalendromes", "CheckingPalendromes\CheckingPalendromes.csproj", "{19603A30-8841-427B-8690-5F799C1ECE1A}"
EndProject
Project("{FAE04EC0-301F-11D3-BF4B-00C04F79EFBC}") = "CheckingPalendromesTests", "CheckingPalendromesTests\CheckingPalendromesTests.csproj", "{532193C5-70D4-4F5A-829C-C796BB32BF1B}"
EndProject
Project("{FAE04EC0-301F-11D3-BF4B-00C04F79EFBC}") = "CheckingEmail", "CheckingEmail\CheckingEmail.csproj", "{1024895C-D658-445A-AE63-1E3B43F5D32C}"
EndProject
Global
	GlobalSection(SolutionConfigurationPlatforms) = preSolution
		Debug|Any CPU = Debug|Any CPU
		Release|Any CPU = Release|Any CPU
	EndGlobalSection
	GlobalSection(ProjectConfigurationPlatforms) = postSolution
		{9572B2DF-0EB1-487E-94A3-9532BEE56A91}.Debug|Any CPU.ActiveCfg = Debug|Any CPU
		{9572B2DF-0EB1-487E-94A3-9532BEE56A91}.Debug|Any CPU.Build.0 = Debug|Any CPU
		{9572B2DF-0EB1-487E-94A3-9532BEE56A91}.Release|Any CPU.ActiveCfg = Release|Any CPU
		{9572B2DF-0EB1-487E-94A3-9532BEE56A91}.Release|Any CPU.Build.0 = Release|Any CPU
		{821B2187-4466-45E3-865D-D44B728171AE}.Debug|Any CPU.ActiveCfg = Debug|Any CPU
		{821B2187-4466-45E3-865D-D44B728171AE}.Debug|Any CPU.Build.0 = Debug|Any CPU
		{821B2187-4466-45E3-865D-D44B728171AE}.Release|Any CPU.ActiveCfg = Release|Any CPU
		{821B2187-4466-45E3-865D-D44B728171AE}.Release|Any CPU.Build.0 = Release|Any CPU
		{E054C758-FE79-482C-9B39-4691A45AA1C8}.Debug|Any CPU.ActiveCfg = Debug|Any CPU
		{E054C758-FE79-482C-9B39-4691A45AA1C8}.Debug|Any CPU.Build.0 = Debug|Any CPU
		{E054C758-FE79-482C-9B39-4691A45AA1C8}.Release|Any CPU.ActiveCfg = Release|Any CPU
		{E054C758-FE79-482C-9B39-4691A45AA1C8}.Release|Any CPU.Build.0 = Release|Any CPU
		{59F8414F-2B86-48D9-A264-CC5888088F6C}.Debug|Any CPU.ActiveCfg = Debug|Any CPU
		{59F8414F-2B86-48D9-A264-CC5888088F6C}.Debug|Any CPU.Build.0 = Debug|Any CPU
		{59F8414F-2B86-48D9-A264-CC5888088F6C}.Release|Any CPU.ActiveCfg = Release|Any CPU
		{59F8414F-2B86-48D9-A264-CC5888088F6C}.Release|Any CPU.Build.0 = Release|Any CPU
		{6DFD12D5-A3A8-4B9B-BEC2-4AF001512DB9}.Debug|Any CPU.ActiveCfg = Debug|Any CPU
		{6DFD12D5-A3A8-4B9B-BEC2-4AF001512DB9}.Debug|Any CPU.Build.0 = Debug|Any CPU
		{6DFD12D5-A3A8-4B9B-BEC2-4AF001512DB9}.Release|Any CPU.ActiveCfg = Release|Any CPU
		{6DFD12D5-A3A8-4B9B-BEC2-4AF001512DB9}.Release|Any CPU.Build.0 = Release|Any CPU
		{29D35781-0D06-4E21-96F6-0D2F9AA3FBE2}.Debug|Any CPU.ActiveCfg = Debug|Any CPU
		{29D35781-0D06-4E21-96F6-0D2F9AA3FBE2}.Debug|Any CPU.Build.0 = Debug|Any CPU
		{29D35781-0D06-4E21-96F6-0D2F9AA3FBE2}.Release|Any CPU.ActiveCfg = Release|Any CPU
		{29D35781-0D06-4E21-96F6-0D2F9AA3FBE2}.Release|Any CPU.Build.0 = Release|Any CPU
		{30C32884-5DCB-492F-BFF1-A6D9BE7B00AF}.Debug|Any CPU.ActiveCfg = Debug|Any CPU
		{30C32884-5DCB-492F-BFF1-A6D9BE7B00AF}.Debug|Any CPU.Build.0 = Debug|Any CPU
		{30C32884-5DCB-492F-BFF1-A6D9BE7B00AF}.Release|Any CPU.ActiveCfg = Release|Any CPU
		{30C32884-5DCB-492F-BFF1-A6D9BE7B00AF}.Release|Any CPU.Build.0 = Release|Any CPU
		{AE341245-671B-46E0-860D-5D3B3095ECD4}.Debug|Any CPU.ActiveCfg = Debug|Any CPU
		{AE341245-671B-46E0-860D-5D3B3095ECD4}.Debug|Any CPU.Build.0 = Debug|Any CPU
		{AE341245-671B-46E0-860D-5D3B3095ECD4}.Release|Any CPU.ActiveCfg = Release|Any CPU
		{AE341245-671B-46E0-860D-5D3B3095ECD4}.Release|Any CPU.Build.0 = Release|Any CPU
		{7CEFE9F9-A50F-4D3E-9B2F-BD742E9A0EC9}.Debug|Any CPU.ActiveCfg = Debug|Any CPU
		{7CEFE9F9-A50F-4D3E-9B2F-BD742E9A0EC9}.Debug|Any CPU.Build.0 = Debug|Any CPU
		{7CEFE9F9-A50F-4D3E-9B2F-BD742E9A0EC9}.Release|Any CPU.ActiveCfg = Release|Any CPU
		{7CEFE9F9-A50F-4D3E-9B2F-BD742E9A0EC9}.Release|Any CPU.Build.0 = Release|Any CPU
		{07BD0DBE-90E4-42F1-BD71-F7D0D3FC1993}.Debug|Any CPU.ActiveCfg = Debug|Any CPU
		{07BD0DBE-90E4-42F1-BD71-F7D0D3FC1993}.Debug|Any CPU.Build.0 = Debug|Any CPU
		{07BD0DBE-90E4-42F1-BD71-F7D0D3FC1993}.Release|Any CPU.ActiveCfg = Release|Any CPU
		{07BD0DBE-90E4-42F1-BD71-F7D0D3FC1993}.Release|Any CPU.Build.0 = Release|Any CPU
		{296FD23B-9845-4D38-8021-85B3BB6BDEDE}.Debug|Any CPU.ActiveCfg = Debug|Any CPU
		{296FD23B-9845-4D38-8021-85B3BB6BDEDE}.Debug|Any CPU.Build.0 = Debug|Any CPU
		{296FD23B-9845-4D38-8021-85B3BB6BDEDE}.Release|Any CPU.ActiveCfg = Release|Any CPU
		{296FD23B-9845-4D38-8021-85B3BB6BDEDE}.Release|Any CPU.Build.0 = Release|Any CPU
		{E397A7C0-4444-46A2-9A79-3BF469AE1752}.Debug|Any CPU.ActiveCfg = Debug|Any CPU
		{E397A7C0-4444-46A2-9A79-3BF469AE1752}.Debug|Any CPU.Build.0 = Debug|Any CPU
		{E397A7C0-4444-46A2-9A79-3BF469AE1752}.Release|Any CPU.ActiveCfg = Release|Any CPU
		{E397A7C0-4444-46A2-9A79-3BF469AE1752}.Release|Any CPU.Build.0 = Release|Any CPU
		{1E3971BA-353C-4C1A-B857-C067CDBBA0F1}.Debug|Any CPU.ActiveCfg = Debug|Any CPU
		{1E3971BA-353C-4C1A-B857-C067CDBBA0F1}.Debug|Any CPU.Build.0 = Debug|Any CPU
		{1E3971BA-353C-4C1A-B857-C067CDBBA0F1}.Release|Any CPU.ActiveCfg = Release|Any CPU
		{1E3971BA-353C-4C1A-B857-C067CDBBA0F1}.Release|Any CPU.Build.0 = Release|Any CPU
		{A64F6EB4-949B-4772-9A34-145DE27EF282}.Debug|Any CPU.ActiveCfg = Debug|Any CPU
		{A64F6EB4-949B-4772-9A34-145DE27EF282}.Debug|Any CPU.Build.0 = Debug|Any CPU
		{A64F6EB4-949B-4772-9A34-145DE27EF282}.Release|Any CPU.ActiveCfg = Release|Any CPU
		{A64F6EB4-949B-4772-9A34-145DE27EF282}.Release|Any CPU.Build.0 = Release|Any CPU
		{0755730A-5E66-4C12-BA78-0FFFCC9DF350}.Debug|Any CPU.ActiveCfg = Debug|Any CPU
		{0755730A-5E66-4C12-BA78-0FFFCC9DF350}.Debug|Any CPU.Build.0 = Debug|Any CPU
		{0755730A-5E66-4C12-BA78-0FFFCC9DF350}.Release|Any CPU.ActiveCfg = Release|Any CPU
		{0755730A-5E66-4C12-BA78-0FFFCC9DF350}.Release|Any CPU.Build.0 = Release|Any CPU
		{101CBB4F-A66B-4342-880C-1E9269A28498}.Debug|Any CPU.ActiveCfg = Debug|Any CPU
		{101CBB4F-A66B-4342-880C-1E9269A28498}.Debug|Any CPU.Build.0 = Debug|Any CPU
		{101CBB4F-A66B-4342-880C-1E9269A28498}.Release|Any CPU.ActiveCfg = Release|Any CPU
		{101CBB4F-A66B-4342-880C-1E9269A28498}.Release|Any CPU.Build.0 = Release|Any CPU
		{F5D58DE1-1FBD-429F-9B26-3AE121AEE086}.Debug|Any CPU.ActiveCfg = Debug|Any CPU
		{F5D58DE1-1FBD-429F-9B26-3AE121AEE086}.Debug|Any CPU.Build.0 = Debug|Any CPU
		{F5D58DE1-1FBD-429F-9B26-3AE121AEE086}.Release|Any CPU.ActiveCfg = Release|Any CPU
		{F5D58DE1-1FBD-429F-9B26-3AE121AEE086}.Release|Any CPU.Build.0 = Release|Any CPU
		{FC6D9184-2B3E-44CE-899C-CF8DAECB9682}.Debug|Any CPU.ActiveCfg = Debug|Any CPU
		{FC6D9184-2B3E-44CE-899C-CF8DAECB9682}.Debug|Any CPU.Build.0 = Debug|Any CPU
		{FC6D9184-2B3E-44CE-899C-CF8DAECB9682}.Release|Any CPU.ActiveCfg = Release|Any CPU
		{FC6D9184-2B3E-44CE-899C-CF8DAECB9682}.Release|Any CPU.Build.0 = Release|Any CPU
		{A5A6CA2B-C903-4D63-BD53-BDF7E1986E3A}.Debug|Any CPU.ActiveCfg = Debug|Any CPU
		{A5A6CA2B-C903-4D63-BD53-BDF7E1986E3A}.Debug|Any CPU.Build.0 = Debug|Any CPU
		{A5A6CA2B-C903-4D63-BD53-BDF7E1986E3A}.Release|Any CPU.ActiveCfg = Release|Any CPU
		{A5A6CA2B-C903-4D63-BD53-BDF7E1986E3A}.Release|Any CPU.Build.0 = Release|Any CPU
		{19603A30-8841-427B-8690-5F799C1ECE1A}.Debug|Any CPU.ActiveCfg = Debug|Any CPU
		{19603A30-8841-427B-8690-5F799C1ECE1A}.Debug|Any CPU.Build.0 = Debug|Any CPU
		{19603A30-8841-427B-8690-5F799C1ECE1A}.Release|Any CPU.ActiveCfg = Release|Any CPU
		{19603A30-8841-427B-8690-5F799C1ECE1A}.Release|Any CPU.Build.0 = Release|Any CPU
		{532193C5-70D4-4F5A-829C-C796BB32BF1B}.Debug|Any CPU.ActiveCfg = Debug|Any CPU
		{532193C5-70D4-4F5A-829C-C796BB32BF1B}.Debug|Any CPU.Build.0 = Debug|Any CPU
		{532193C5-70D4-4F5A-829C-C796BB32BF1B}.Release|Any CPU.ActiveCfg = Release|Any CPU
		{532193C5-70D4-4F5A-829C-C796BB32BF1B}.Release|Any CPU.Build.0 = Release|Any CPU
		{1024895C-D658-445A-AE63-1E3B43F5D32C}.Debug|Any CPU.ActiveCfg = Debug|Any CPU
		{1024895C-D658-445A-AE63-1E3B43F5D32C}.Debug|Any CPU.Build.0 = Debug|Any CPU
		{1024895C-D658-445A-AE63-1E3B43F5D32C}.Release|Any CPU.ActiveCfg = Release|Any CPU
		{1024895C-D658-445A-AE63-1E3B43F5D32C}.Release|Any CPU.Build.0 = Release|Any CPU
	EndGlobalSection
	GlobalSection(SolutionProperties) = preSolution
		HideSolutionNode = FALSE
	EndGlobalSection
	GlobalSection(ExtensibilityGlobals) = postSolution
		SolutionGuid = {BBC5B317-A91A-42D5-AA61-2FD7F6170C97}
	EndGlobalSection
EndGlobal
